
Microsoft Visual Studio Solution File, Format Version 12.00
# Visual Studio Version 17
VisualStudioVersion = 17.3.32804.467
MinimumVisualStudioVersion = 10.0.40219.1
Project("{FAE04EC0-301F-11D3-BF4B-00C04F79EFBC}") = "RestWithASPNET", "RestWithASPNET\RestWithASPNET.csproj", "{027E6E53-3358-4962-8102-870A3D4FC4C7}"
EndProject
Global
	GlobalSection(SolutionConfigurationPlatforms) = preSolution
		Debug|Any CPU = Debug|Any CPU
		Release|Any CPU = Release|Any CPU
	EndGlobalSection
	GlobalSection(ProjectConfigurationPlatforms) = postSolution
		{027E6E53-3358-4962-8102-870A3D4FC4C7}.Debug|Any CPU.ActiveCfg = Debug|Any CPU
		{027E6E53-3358-4962-8102-870A3D4FC4C7}.Debug|Any CPU.Build.0 = Debug|Any CPU
		{027E6E53-3358-4962-8102-870A3D4FC4C7}.Release|Any CPU.ActiveCfg = Release|Any CPU
		{027E6E53-3358-4962-8102-870A3D4FC4C7}.Release|Any CPU.Build.0 = Release|Any CPU
	EndGlobalSection
	GlobalSection(SolutionProperties) = preSolution
		HideSolutionNode = FALSE
	EndGlobalSection
	GlobalSection(ExtensibilityGlobals) = postSolution
		SolutionGuid = {367EDC14-51D6-4A56-9ED1-BC2A0B9CDBF5}
	EndGlobalSection
EndGlobal
